// !$*UTF8*$!
{
	archiveVersion = 1;
	classes = {
	};
	objectVersion = 50;
	objects = {

/* Begin PBXBuildFile section */
		6E570F8023E5E83B000EF4DC /* AppDelegate.m in Sources */ = {isa = PBXBuildFile; fileRef = 6E570F7F23E5E83B000EF4DC /* AppDelegate.m */; };
		6E570F8223E5E83D000EF4DC /* Assets.xcassets in Resources */ = {isa = PBXBuildFile; fileRef = 6E570F8123E5E83D000EF4DC /* Assets.xcassets */; };
		6E570F8523E5E83D000EF4DC /* MainMenu.xib in Resources */ = {isa = PBXBuildFile; fileRef = 6E570F8323E5E83D000EF4DC /* MainMenu.xib */; };
		6E570F8823E5E83D000EF4DC /* main.m in Sources */ = {isa = PBXBuildFile; fileRef = 6E570F8723E5E83D000EF4DC /* main.m */; };
/* End PBXBuildFile section */

/* Begin PBXFileReference section */
		6E570F7B23E5E83B000EF4DC /* Cocoa Outline View Checkboxes.app */ = {isa = PBXFileReference; explicitFileType = wrapper.application; includeInIndex = 0; path = "Cocoa Outline View Checkboxes.app"; sourceTree = BUILT_PRODUCTS_DIR; };
		6E570F7E23E5E83B000EF4DC /* AppDelegate.h */ = {isa = PBXFileReference; lastKnownFileType = sourcecode.c.h; path = AppDelegate.h; sourceTree = "<group>"; };
		6E570F7F23E5E83B000EF4DC /* AppDelegate.m */ = {isa = PBXFileReference; lastKnownFileType = sourcecode.c.objc; path = AppDelegate.m; sourceTree = "<group>"; };
		6E570F8123E5E83D000EF4DC /* Assets.xcassets */ = {isa = PBXFileReference; lastKnownFileType = folder.assetcatalog; path = Assets.xcassets; sourceTree = "<group>"; };
		6E570F8423E5E83D000EF4DC /* Base */ = {isa = PBXFileReference; lastKnownFileType = file.xib; name = Base; path = Base.lproj/MainMenu.xib; sourceTree = "<group>"; };
		6E570F8623E5E83D000EF4DC /* Info.plist */ = {isa = PBXFileReference; lastKnownFileType = text.plist.xml; path = Info.plist; sourceTree = "<group>"; };
		6E570F8723E5E83D000EF4DC /* main.m */ = {isa = PBXFileReference; lastKnownFileType = sourcecode.c.objc; path = main.m; sourceTree = "<group>"; };
		6E570F8923E5E83D000EF4DC /* Cocoa_Outline_View_Checkboxes.entitlements */ = {isa = PBXFileReference; lastKnownFileType = text.plist.entitlements; path = Cocoa_Outline_View_Checkboxes.entitlements; sourceTree = "<group>"; };
/* End PBXFileReference section */

/* Begin PBXFrameworksBuildPhase section */
		6E570F7823E5E83B000EF4DC /* Frameworks */ = {
			isa = PBXFrameworksBuildPhase;
			buildActionMask = 2147483647;
			files = (
			);
			runOnlyForDeploymentPostprocessing = 0;
		};
/* End PBXFrameworksBuildPhase section */

/* Begin PBXGroup section */
		6E570F7223E5E83B000EF4DC = {
			isa = PBXGroup;
			children = (
				6E570F7D23E5E83B000EF4DC /* Cocoa Outline View Checkboxes */,
				6E570F7C23E5E83B000EF4DC /* Products */,
			);
			sourceTree = "<group>";
		};
		6E570F7C23E5E83B000EF4DC /* Products */ = {
			isa = PBXGroup;
			children = (
				6E570F7B23E5E83B000EF4DC /* Cocoa Outline View Checkboxes.app */,
			);
			name = Products;
			sourceTree = "<group>";
		};
		6E570F7D23E5E83B000EF4DC /* Cocoa Outline View Checkboxes */ = {
			isa = PBXGroup;
			children = (
				6E570F7E23E5E83B000EF4DC /* AppDelegate.h */,
				6E570F7F23E5E83B000EF4DC /* AppDelegate.m */,
				6E570F8123E5E83D000EF4DC /* Assets.xcassets */,
				6E570F8323E5E83D000EF4DC /* MainMenu.xib */,
				6E570F8623E5E83D000EF4DC /* Info.plist */,
				6E570F8723E5E83D000EF4DC /* main.m */,
				6E570F8923E5E83D000EF4DC /* Cocoa_Outline_View_Checkboxes.entitlements */,
			);
			path = "Cocoa Outline View Checkboxes";
			sourceTree = "<group>";
		};
/* End PBXGroup section */

/* Begin PBXNativeTarget section */
		6E570F7A23E5E83B000EF4DC /* Cocoa Outline View Checkboxes */ = {
			isa = PBXNativeTarget;
			buildConfigurationList = 6E570F8C23E5E83D000EF4DC /* Build configuration list for PBXNativeTarget "Cocoa Outline View Checkboxes" */;
			buildPhases = (
				6E570F7723E5E83B000EF4DC /* Sources */,
				6E570F7823E5E83B000EF4DC /* Frameworks */,
				6E570F7923E5E83B000EF4DC /* Resources */,
			);
			buildRules = (
			);
			dependencies = (
			);
			name = "Cocoa Outline View Checkboxes";
			productName = "Cocoa Outline View Checkboxes";
			productReference = 6E570F7B23E5E83B000EF4DC /* Cocoa Outline View Checkboxes.app */;
			productType = "com.apple.product-type.application";
		};
/* End PBXNativeTarget section */

/* Begin PBXProject section */
		6E570F7323E5E83B000EF4DC /* Project object */ = {
			isa = PBXProject;
			attributes = {
				LastUpgradeCheck = 1130;
				TargetAttributes = {
					6E570F7A23E5E83B000EF4DC = {
						CreatedOnToolsVersion = 11.3.1;
					};
				};
			};
			buildConfigurationList = 6E570F7623E5E83B000EF4DC /* Build configuration list for PBXProject "Cocoa Outline View Checkboxes" */;
			compatibilityVersion = "Xcode 9.3";
			developmentRegion = en;
			hasScannedForEncodings = 0;
			knownRegions = (
				en,
				Base,
			);
			mainGroup = 6E570F7223E5E83B000EF4DC;
			productRefGroup = 6E570F7C23E5E83B000EF4DC /* Products */;
			projectDirPath = "";
			projectRoot = "";
			targets = (
				6E570F7A23E5E83B000EF4DC /* Cocoa Outline View Checkboxes */,
			);
		};
/* End PBXProject section */

/* Begin PBXResourcesBuildPhase section */
		6E570F7923E5E83B000EF4DC /* Resources */ = {
			isa = PBXResourcesBuildPhase;
			buildActionMask = 2147483647;
			files = (
				6E570F8223E5E83D000EF4DC /* Assets.xcassets in Resources */,
				6E570F8523E5E83D000EF4DC /* MainMenu.xib in Resources */,
			);
			runOnlyForDeploymentPostprocessing = 0;
		};
/* End PBXResourcesBuildPhase section */

/* Begin PBXSourcesBuildPhase section */
		6E570F7723E5E83B000EF4DC /* Sources */ = {
			isa = PBXSourcesBuildPhase;
			buildActionMask = 2147483647;
			files = (
				6E570F8823E5E83D000EF4DC /* main.m in Sources */,
				6E570F8023E5E83B000EF4DC /* AppDelegate.m in Sources */,
			);
			runOnlyForDeploymentPostprocessing = 0;
		};
/* End PBXSourcesBuildPhase section */

/* Begin PBXVariantGroup section */
		6E570F8323E5E83D000EF4DC /* MainMenu.xib */ = {
			isa = PBXVariantGroup;
			children = (
				6E570F8423E5E83D000EF4DC /* Base */,
			);
			name = MainMenu.xib;
			sourceTree = "<group>";
		};
/* End PBXVariantGroup section */

/* Begin XCBuildConfiguration section */
		6E570F8A23E5E83D000EF4DC /* Debug */ = {
			isa = XCBuildConfiguration;
			buildSettings = {
				ALWAYS_SEARCH_USER_PATHS = NO;
				CLANG_ANALYZER_NONNULL = YES;
				CLANG_ANALYZER_NUMBER_OBJECT_CONVERSION = YES_AGGRESSIVE;
				CLANG_CXX_LANGUAGE_STANDARD = "gnu++14";
				CLANG_CXX_LIBRARY = "libc++";
				CLANG_ENABLE_MODULES = YES;
				CLANG_ENABLE_OBJC_ARC = YES;
				CLANG_ENABLE_OBJC_WEAK = YES;
				CLANG_WARN_BLOCK_CAPTURE_AUTORELEASING = YES;
				CLANG_WARN_BOOL_CONVERSION = YES;
				CLANG_WARN_COMMA = YES;
				CLANG_WARN_CONSTANT_CONVERSION = YES;
				CLANG_WARN_DEPRECATED_OBJC_IMPLEMENTATIONS = YES;
				CLANG_WARN_DIRECT_OBJC_ISA_USAGE = YES_ERROR;
				CLANG_WARN_DOCUMENTATION_COMMENTS = YES;
				CLANG_WARN_EMPTY_BODY = YES;
				CLANG_WARN_ENUM_CONVERSION = YES;
				CLANG_WARN_INFINITE_RECURSION = YES;
				CLANG_WARN_INT_CONVERSION = YES;
				CLANG_WARN_NON_LITERAL_NULL_CONVERSION = YES;
				CLANG_WARN_OBJC_IMPLICIT_RETAIN_SELF = YES;
				CLANG_WARN_OBJC_LITERAL_CONVERSION = YES;
				CLANG_WARN_OBJC_ROOT_CLASS = YES_ERROR;
				CLANG_WARN_RANGE_LOOP_ANALYSIS = YES;
				CLANG_WARN_STRICT_PROTOTYPES = YES;
				CLANG_WARN_SUSPICIOUS_MOVE = YES;
				CLANG_WARN_UNGUARDED_AVAILABILITY = YES_AGGRESSIVE;
				CLANG_WARN_UNREACHABLE_CODE = YES;
				CLANG_WARN__DUPLICATE_METHOD_MATCH = YES;
				COPY_PHASE_STRIP = NO;
				DEBUG_INFORMATION_FORMAT = dwarf;
				ENABLE_STRICT_OBJC_MSGSEND = YES;
				ENABLE_TESTABILITY = YES;
				GCC_C_LANGUAGE_STANDARD = gnu11;
				GCC_DYNAMIC_NO_PIC = NO;
				GCC_NO_COMMON_BLOCKS = YES;
				GCC_OPTIMIZATION_LEVEL = 0;
				GCC_PREPROCESSOR_DEFINITIONS = (
					"DEBUG=1",
					"$(inherited)",
				);
				GCC_WARN_64_TO_32_BIT_CONVERSION = YES;
				GCC_WARN_ABOUT_RETURN_TYPE = YES_ERROR;
				GCC_WARN_UNDECLARED_SELECTOR = YES;
				GCC_WARN_UNINITIALIZED_AUTOS = YES_AGGRESSIVE;
				GCC_WARN_UNUSED_FUNCTION = YES;
				GCC_WARN_UNUSED_VARIABLE = YES;
				MACOSX_DEPLOYMENT_TARGET = 10.15;
				MTL_ENABLE_DEBUG_INFO = INCLUDE_SOURCE;
				MTL_FAST_MATH = YES;
				ONLY_ACTIVE_ARCH = YES;
				SDKROOT = macosx;
			};
			name = Debug;
		};
		6E570F8B23E5E83D000EF4DC /* Release */ = {
			isa = XCBuildConfiguration;
			buildSettings = {
				ALWAYS_SEARCH_USER_PATHS = NO;
				CLANG_ANALYZER_NONNULL = YES;
				CLANG_ANALYZER_NUMBER_OBJECT_CONVERSION = YES_AGGRESSIVE;
				CLANG_CXX_LANGUAGE_STANDARD = "gnu++14";
				CLANG_CXX_LIBRARY = "libc++";
				CLANG_ENABLE_MODULES = YES;
				CLANG_ENABLE_OBJC_ARC = YES;
				CLANG_ENABLE_OBJC_WEAK = YES;
				CLANG_WARN_BLOCK_CAPTURE_AUTORELEASING = YES;
				CLANG_WARN_BOOL_CONVERSION = YES;
				CLANG_WARN_COMMA = YES;
				CLANG_WARN_CONSTANT_CONVERSION = YES;
				CLANG_WARN_DEPRECATED_OBJC_IMPLEMENTATIONS = YES;
				CLANG_WARN_DIRECT_OBJC_ISA_USAGE = YES_ERROR;
				CLANG_WARN_DOCUMENTATION_COMMENTS = YES;
				CLANG_WARN_EMPTY_BODY = YES;
				CLANG_WARN_ENUM_CONVERSION = YES;
				CLANG_WARN_INFINITE_RECURSION = YES;
				CLANG_WARN_INT_CONVERSION = YES;
				CLANG_WARN_NON_LITERAL_NULL_CONVERSION = YES;
				CLANG_WARN_OBJC_IMPLICIT_RETAIN_SELF = YES;
				CLANG_WARN_OBJC_LITERAL_CONVERSION = YES;
				CLANG_WARN_OBJC_ROOT_CLASS = YES_ERROR;
				CLANG_WARN_RANGE_LOOP_ANALYSIS = YES;
				CLANG_WARN_STRICT_PROTOTYPES = YES;
				CLANG_WARN_SUSPICIOUS_MOVE = YES;
				CLANG_WARN_UNGUARDED_AVAILABILITY = YES_AGGRESSIVE;
				CLANG_WARN_UNREACHABLE_CODE = YES;
				CLANG_WARN__DUPLICATE_METHOD_MATCH = YES;
				COPY_PHASE_STRIP = NO;
				DEBUG_INFORMATION_FORMAT = "dwarf-with-dsym";
				ENABLE_NS_ASSERTIONS = NO;
				ENABLE_STRICT_OBJC_MSGSEND = YES;
				GCC_C_LANGUAGE_STANDARD = gnu11;
				GCC_NO_COMMON_BLOCKS = YES;
				GCC_WARN_64_TO_32_BIT_CONVERSION = YES;
				GCC_WARN_ABOUT_RETURN_TYPE = YES_ERROR;
				GCC_WARN_UNDECLARED_SELECTOR = YES;
				GCC_WARN_UNINITIALIZED_AUTOS = YES_AGGRESSIVE;
				GCC_WARN_UNUSED_FUNCTION = YES;
				GCC_WARN_UNUSED_VARIABLE = YES;
				MACOSX_DEPLOYMENT_TARGET = 10.15;
				MTL_ENABLE_DEBUG_INFO = NO;
				MTL_FAST_MATH = YES;
				SDKROOT = macosx;
			};
			name = Release;
		};
		6E570F8D23E5E83D000EF4DC /* Debug */ = {
			isa = XCBuildConfiguration;
			buildSettings = {
				ASSETCATALOG_COMPILER_APPICON_NAME = AppIcon;
				CODE_SIGN_ENTITLEMENTS = "Cocoa Outline View Checkboxes/Cocoa_Outline_View_Checkboxes.entitlements";
				CODE_SIGN_STYLE = Automatic;
				COMBINE_HIDPI_IMAGES = YES;
				INFOPLIST_FILE = "Cocoa Outline View Checkboxes/Info.plist";
				LD_RUNPATH_SEARCH_PATHS = (
					"$(inherited)",
					"@executable_path/../Frameworks",
				);
				PRODUCT_BUNDLE_IDENTIFIER = "Mac-Developers.Cocoa-Outline-View-Checkboxes";
				PRODUCT_NAME = "$(TARGET_NAME)";
			};
			name = Debug;
		};
		6E570F8E23E5E83D000EF4DC /* Release */ = {
			isa = XCBuildConfiguration;
			buildSettings = {
				ASSETCATALOG_COMPILER_APPICON_NAME = AppIcon;
				CODE_SIGN_ENTITLEMENTS = "Cocoa Outline View Checkboxes/Cocoa_Outline_View_Checkboxes.entitlements";
				CODE_SIGN_STYLE = Automatic;
				COMBINE_HIDPI_IMAGES = YES;
				INFOPLIST_FILE = "Cocoa Outline View Checkboxes/Info.plist";
				LD_RUNPATH_SEARCH_PATHS = (
					"$(inherited)",
					"@executable_path/../Frameworks",
				);
				PRODUCT_BUNDLE_IDENTIFIER = "Mac-Developers.Cocoa-Outline-View-Checkboxes";
				PRODUCT_NAME = "$(TARGET_NAME)";
			};
			name = Release;
		};
/* End XCBuildConfiguration section */

/* Begin XCConfigurationList section */
		6E570F7623E5E83B000EF4DC /* Build configuration list for PBXProject "Cocoa Outline View Checkboxes" */ = {
			isa = XCConfigurationList;
			buildConfigurations = (
				6E570F8A23E5E83D000EF4DC /* Debug */,
				6E570F8B23E5E83D000EF4DC /* Release */,
			);
			defaultConfigurationIsVisible = 0;
			defaultConfigurationName = Release;
		};
		6E570F8C23E5E83D000EF4DC /* Build configuration list for PBXNativeTarget "Cocoa Outline View Checkboxes" */ = {
			isa = XCConfigurationList;
			buildConfigurations = (
				6E570F8D23E5E83D000EF4DC /* Debug */,
				6E570F8E23E5E83D000EF4DC /* Release */,
			);
			defaultConfigurationIsVisible = 0;
			defaultConfigurationName = Release;
		};
/* End XCConfigurationList section */
	};
	rootObject = 6E570F7323E5E83B000EF4DC /* Project object */;
}
